
Microsoft Visual Studio Solution File, Format Version 12.00
# Visual Studio Version 16
VisualStudioVersion = 16.0.31515.178
MinimumVisualStudioVersion = 10.0.40219.1
Project("{2150E333-8FDC-42A3-9474-1A3956D46DE8}") = "Services", "Services", "{4E355DD5-327E-4267-A447-0727BF165CDD}"
EndProject
Project("{2150E333-8FDC-42A3-9474-1A3956D46DE8}") = "Catalog", "Catalog", "{E5A5FFBC-0E58-4D0E-8037-65120DD7CB19}"
EndProject
Project("{9A19103F-16F7-4668-BE54-9A1E7A4F7556}") = "Catalog.Api", "Catalog.Api\Catalog.Api.csproj", "{444F14E1-788A-4121-AC8B-03C00949CA42}"
EndProject
Project("{E53339B2-1760-4266-BCC7-CA923CBCF16C}") = "docker-compose", "docker-compose.dcproj", "{2BA17B92-0CA0-41D7-A36B-4DD2940C3521}"
EndProject
Project("{2150E333-8FDC-42A3-9474-1A3956D46DE8}") = "Basket", "Basket", "{1A6B2564-AA5D-401D-92C1-44731747603D}"
EndProject
Project("{FAE04EC0-301F-11D3-BF4B-00C04F79EFBC}") = "Basket.Api", "Basket.Api\Basket.Api.csproj", "{2ADB660D-841C-4D97-BD0E-25E26C54BBC8}"
EndProject
Global
	GlobalSection(SolutionConfigurationPlatforms) = preSolution
		Debug|Any CPU = Debug|Any CPU
		Release|Any CPU = Release|Any CPU
	EndGlobalSection
	GlobalSection(ProjectConfigurationPlatforms) = postSolution
		{444F14E1-788A-4121-AC8B-03C00949CA42}.Debug|Any CPU.ActiveCfg = Debug|Any CPU
		{444F14E1-788A-4121-AC8B-03C00949CA42}.Debug|Any CPU.Build.0 = Debug|Any CPU
		{444F14E1-788A-4121-AC8B-03C00949CA42}.Release|Any CPU.ActiveCfg = Release|Any CPU
		{444F14E1-788A-4121-AC8B-03C00949CA42}.Release|Any CPU.Build.0 = Release|Any CPU
		{2BA17B92-0CA0-41D7-A36B-4DD2940C3521}.Debug|Any CPU.ActiveCfg = Debug|Any CPU
		{2BA17B92-0CA0-41D7-A36B-4DD2940C3521}.Debug|Any CPU.Build.0 = Debug|Any CPU
		{2BA17B92-0CA0-41D7-A36B-4DD2940C3521}.Release|Any CPU.ActiveCfg = Release|Any CPU
		{2BA17B92-0CA0-41D7-A36B-4DD2940C3521}.Release|Any CPU.Build.0 = Release|Any CPU
		{2ADB660D-841C-4D97-BD0E-25E26C54BBC8}.Debug|Any CPU.ActiveCfg = Debug|Any CPU
		{2ADB660D-841C-4D97-BD0E-25E26C54BBC8}.Debug|Any CPU.Build.0 = Debug|Any CPU
		{2ADB660D-841C-4D97-BD0E-25E26C54BBC8}.Release|Any CPU.ActiveCfg = Release|Any CPU
		{2ADB660D-841C-4D97-BD0E-25E26C54BBC8}.Release|Any CPU.Build.0 = Release|Any CPU
	EndGlobalSection
	GlobalSection(SolutionProperties) = preSolution
		HideSolutionNode = FALSE
	EndGlobalSection
	GlobalSection(NestedProjects) = preSolution
		{E5A5FFBC-0E58-4D0E-8037-65120DD7CB19} = {4E355DD5-327E-4267-A447-0727BF165CDD}
		{444F14E1-788A-4121-AC8B-03C00949CA42} = {E5A5FFBC-0E58-4D0E-8037-65120DD7CB19}
		{1A6B2564-AA5D-401D-92C1-44731747603D} = {4E355DD5-327E-4267-A447-0727BF165CDD}
		{2ADB660D-841C-4D97-BD0E-25E26C54BBC8} = {1A6B2564-AA5D-401D-92C1-44731747603D}
	EndGlobalSection
	GlobalSection(ExtensibilityGlobals) = postSolution
		SolutionGuid = {36A71E01-05CD-42EF-9363-D11F21D87651}
	EndGlobalSection
EndGlobal
